// !$*UTF8*$!
{
	archiveVersion = 1;
	classes = {
	};
	objectVersion = 56;
	objects = {

/* Begin PBXBuildFile section */
		06EA32482AE67541006D92E7 /* AppDelegate.swift in Sources */ = {isa = PBXBuildFile; fileRef = 06EA32472AE67541006D92E7 /* AppDelegate.swift */; };
		06EA324A2AE67541006D92E7 /* SceneDelegate.swift in Sources */ = {isa = PBXBuildFile; fileRef = 06EA32492AE67541006D92E7 /* SceneDelegate.swift */; };
		06EA324C2AE67541006D92E7 /* ViewController.swift in Sources */ = {isa = PBXBuildFile; fileRef = 06EA324B2AE67541006D92E7 /* ViewController.swift */; };
		06EA324F2AE67541006D92E7 /* Main.storyboard in Resources */ = {isa = PBXBuildFile; fileRef = 06EA324D2AE67541006D92E7 /* Main.storyboard */; };
		06EA32512AE67543006D92E7 /* Assets.xcassets in Resources */ = {isa = PBXBuildFile; fileRef = 06EA32502AE67543006D92E7 /* Assets.xcassets */; };
		06EA32542AE67543006D92E7 /* LaunchScreen.storyboard in Resources */ = {isa = PBXBuildFile; fileRef = 06EA32522AE67543006D92E7 /* LaunchScreen.storyboard */; };
		06EA325C2AE679B2006D92E7 /* GameScreenVC.swift in Sources */ = {isa = PBXBuildFile; fileRef = 06EA325B2AE679B2006D92E7 /* GameScreenVC.swift */; };
		06EA325E2AE679DC006D92E7 /* ResultVC.swift in Sources */ = {isa = PBXBuildFile; fileRef = 06EA325D2AE679DC006D92E7 /* ResultVC.swift */; };
		06EA326B2AE67BA1006D92E7 /* FMDatabaseAdditions.m in Sources */ = {isa = PBXBuildFile; fileRef = 06EA32642AE67BA1006D92E7 /* FMDatabaseAdditions.m */; };
		06EA326C2AE67BA1006D92E7 /* FMResultSet.m in Sources */ = {isa = PBXBuildFile; fileRef = 06EA32662AE67BA1006D92E7 /* FMResultSet.m */; };
		06EA326D2AE67BA1006D92E7 /* FMDatabasePool.m in Sources */ = {isa = PBXBuildFile; fileRef = 06EA32672AE67BA1006D92E7 /* FMDatabasePool.m */; };
		06EA326E2AE67BA1006D92E7 /* FMDatabase.m in Sources */ = {isa = PBXBuildFile; fileRef = 06EA32682AE67BA1006D92E7 /* FMDatabase.m */; };
		06EA326F2AE67BA1006D92E7 /* FMDatabaseQueue.m in Sources */ = {isa = PBXBuildFile; fileRef = 06EA326A2AE67BA1006D92E7 /* FMDatabaseQueue.m */; };
		06EA32732AE67C32006D92E7 /* flags.db in Resources */ = {isa = PBXBuildFile; fileRef = 06EA32722AE67C32006D92E7 /* flags.db */; };
		06EA32752AE67CBF006D92E7 /* Flags.swift in Sources */ = {isa = PBXBuildFile; fileRef = 06EA32742AE67CBF006D92E7 /* Flags.swift */; };
		06EA32772AE67D2E006D92E7 /* Flagsdao.swift in Sources */ = {isa = PBXBuildFile; fileRef = 06EA32762AE67D2E006D92E7 /* Flagsdao.swift */; };
/* End PBXBuildFile section */

/* Begin PBXFileReference section */
		06EA32442AE67541006D92E7 /* FindFlagApp.app */ = {isa = PBXFileReference; explicitFileType = wrapper.application; includeInIndex = 0; path = FindFlagApp.app; sourceTree = BUILT_PRODUCTS_DIR; };
		06EA32472AE67541006D92E7 /* AppDelegate.swift */ = {isa = PBXFileReference; lastKnownFileType = sourcecode.swift; path = AppDelegate.swift; sourceTree = "<group>"; };
		06EA32492AE67541006D92E7 /* SceneDelegate.swift */ = {isa = PBXFileReference; lastKnownFileType = sourcecode.swift; path = SceneDelegate.swift; sourceTree = "<group>"; };
		06EA324B2AE67541006D92E7 /* ViewController.swift */ = {isa = PBXFileReference; lastKnownFileType = sourcecode.swift; path = ViewController.swift; sourceTree = "<group>"; };
		06EA324E2AE67541006D92E7 /* Base */ = {isa = PBXFileReference; lastKnownFileType = file.storyboard; name = Base; path = Base.lproj/Main.storyboard; sourceTree = "<group>"; };
		06EA32502AE67543006D92E7 /* Assets.xcassets */ = {isa = PBXFileReference; lastKnownFileType = folder.assetcatalog; path = Assets.xcassets; sourceTree = "<group>"; };
		06EA32532AE67543006D92E7 /* Base */ = {isa = PBXFileReference; lastKnownFileType = file.storyboard; name = Base; path = Base.lproj/LaunchScreen.storyboard; sourceTree = "<group>"; };
		06EA32552AE67543006D92E7 /* Info.plist */ = {isa = PBXFileReference; lastKnownFileType = text.plist.xml; path = Info.plist; sourceTree = "<group>"; };
		06EA325B2AE679B2006D92E7 /* GameScreenVC.swift */ = {isa = PBXFileReference; lastKnownFileType = sourcecode.swift; path = GameScreenVC.swift; sourceTree = "<group>"; };
		06EA325D2AE679DC006D92E7 /* ResultVC.swift */ = {isa = PBXFileReference; lastKnownFileType = sourcecode.swift; path = ResultVC.swift; sourceTree = "<group>"; };
		06EA325F2AE67BA0006D92E7 /* FindFlagApp-Bridging-Header.h */ = {isa = PBXFileReference; lastKnownFileType = sourcecode.c.h; path = "FindFlagApp-Bridging-Header.h"; sourceTree = "<group>"; };
		06EA32602AE67BA1006D92E7 /* FMDatabaseQueue.h */ = {isa = PBXFileReference; fileEncoding = 4; lastKnownFileType = sourcecode.c.h; path = FMDatabaseQueue.h; sourceTree = "<group>"; };
		06EA32612AE67BA1006D92E7 /* FMResultSet.h */ = {isa = PBXFileReference; fileEncoding = 4; lastKnownFileType = sourcecode.c.h; path = FMResultSet.h; sourceTree = "<group>"; };
		06EA32622AE67BA1006D92E7 /* FMDatabasePool.h */ = {isa = PBXFileReference; fileEncoding = 4; lastKnownFileType = sourcecode.c.h; path = FMDatabasePool.h; sourceTree = "<group>"; };
		06EA32632AE67BA1006D92E7 /* FMDB.h */ = {isa = PBXFileReference; fileEncoding = 4; lastKnownFileType = sourcecode.c.h; path = FMDB.h; sourceTree = "<group>"; };
		06EA32642AE67BA1006D92E7 /* FMDatabaseAdditions.m */ = {isa = PBXFileReference; fileEncoding = 4; lastKnownFileType = sourcecode.c.objc; path = FMDatabaseAdditions.m; sourceTree = "<group>"; };
		06EA32652AE67BA1006D92E7 /* FMDatabaseAdditions.h */ = {isa = PBXFileReference; fileEncoding = 4; lastKnownFileType = sourcecode.c.h; path = FMDatabaseAdditions.h; sourceTree = "<group>"; };
		06EA32662AE67BA1006D92E7 /* FMResultSet.m */ = {isa = PBXFileReference; fileEncoding = 4; lastKnownFileType = sourcecode.c.objc; path = FMResultSet.m; sourceTree = "<group>"; };
		06EA32672AE67BA1006D92E7 /* FMDatabasePool.m */ = {isa = PBXFileReference; fileEncoding = 4; lastKnownFileType = sourcecode.c.objc; path = FMDatabasePool.m; sourceTree = "<group>"; };
		06EA32682AE67BA1006D92E7 /* FMDatabase.m */ = {isa = PBXFileReference; fileEncoding = 4; lastKnownFileType = sourcecode.c.objc; path = FMDatabase.m; sourceTree = "<group>"; };
		06EA32692AE67BA1006D92E7 /* FMDatabase.h */ = {isa = PBXFileReference; fileEncoding = 4; lastKnownFileType = sourcecode.c.h; path = FMDatabase.h; sourceTree = "<group>"; };
		06EA326A2AE67BA1006D92E7 /* FMDatabaseQueue.m */ = {isa = PBXFileReference; fileEncoding = 4; lastKnownFileType = sourcecode.c.objc; path = FMDatabaseQueue.m; sourceTree = "<group>"; };
		06EA32712AE67C0A006D92E7 /* libsqlite3.tbd */ = {isa = PBXFileReference; lastKnownFileType = "sourcecode.text-based-dylib-definition"; name = libsqlite3.tbd; path = usr/lib/libsqlite3.tbd; sourceTree = SDKROOT; };
		06EA32722AE67C32006D92E7 /* flags.db */ = {isa = PBXFileReference; lastKnownFileType = file; path = flags.db; sourceTree = "<group>"; };
		06EA32742AE67CBF006D92E7 /* Flags.swift */ = {isa = PBXFileReference; lastKnownFileType = sourcecode.swift; path = Flags.swift; sourceTree = "<group>"; };
		06EA32762AE67D2E006D92E7 /* Flagsdao.swift */ = {isa = PBXFileReference; lastKnownFileType = sourcecode.swift; path = Flagsdao.swift; sourceTree = "<group>"; };
/* End PBXFileReference section */

/* Begin PBXFrameworksBuildPhase section */
		06EA32412AE67541006D92E7 /* Frameworks */ = {
			isa = PBXFrameworksBuildPhase;
			buildActionMask = 2147483647;
			files = (
			);
			runOnlyForDeploymentPostprocessing = 0;
		};
/* End PBXFrameworksBuildPhase section */

/* Begin PBXGroup section */
		06EA323B2AE67541006D92E7 = {
			isa = PBXGroup;
			children = (
				06EA32462AE67541006D92E7 /* FindFlagApp */,
				06EA32452AE67541006D92E7 /* Products */,
				06EA32702AE67C0A006D92E7 /* Frameworks */,
			);
			sourceTree = "<group>";
		};
		06EA32452AE67541006D92E7 /* Products */ = {
			isa = PBXGroup;
			children = (
				06EA32442AE67541006D92E7 /* FindFlagApp.app */,
			);
			name = Products;
			sourceTree = "<group>";
		};
		06EA32462AE67541006D92E7 /* FindFlagApp */ = {
			isa = PBXGroup;
			children = (
				06EA32722AE67C32006D92E7 /* flags.db */,
				06EA32472AE67541006D92E7 /* AppDelegate.swift */,
				06EA32492AE67541006D92E7 /* SceneDelegate.swift */,
				06EA324B2AE67541006D92E7 /* ViewController.swift */,
				06EA32742AE67CBF006D92E7 /* Flags.swift */,
				06EA32762AE67D2E006D92E7 /* Flagsdao.swift */,
				06EA324D2AE67541006D92E7 /* Main.storyboard */,
				06EA325B2AE679B2006D92E7 /* GameScreenVC.swift */,
				06EA325D2AE679DC006D92E7 /* ResultVC.swift */,
				06EA32502AE67543006D92E7 /* Assets.xcassets */,
				06EA32522AE67543006D92E7 /* LaunchScreen.storyboard */,
				06EA32692AE67BA1006D92E7 /* FMDatabase.h */,
				06EA32682AE67BA1006D92E7 /* FMDatabase.m */,
				06EA32652AE67BA1006D92E7 /* FMDatabaseAdditions.h */,
				06EA32642AE67BA1006D92E7 /* FMDatabaseAdditions.m */,
				06EA32622AE67BA1006D92E7 /* FMDatabasePool.h */,
				06EA32672AE67BA1006D92E7 /* FMDatabasePool.m */,
				06EA32602AE67BA1006D92E7 /* FMDatabaseQueue.h */,
				06EA326A2AE67BA1006D92E7 /* FMDatabaseQueue.m */,
				06EA32632AE67BA1006D92E7 /* FMDB.h */,
				06EA32612AE67BA1006D92E7 /* FMResultSet.h */,
				06EA32662AE67BA1006D92E7 /* FMResultSet.m */,
				06EA32552AE67543006D92E7 /* Info.plist */,
				06EA325F2AE67BA0006D92E7 /* FindFlagApp-Bridging-Header.h */,
			);
			path = FindFlagApp;
			sourceTree = "<group>";
		};
		06EA32702AE67C0A006D92E7 /* Frameworks */ = {
			isa = PBXGroup;
			children = (
				06EA32712AE67C0A006D92E7 /* libsqlite3.tbd */,
			);
			name = Frameworks;
			sourceTree = "<group>";
		};
/* End PBXGroup section */

/* Begin PBXNativeTarget section */
		06EA32432AE67541006D92E7 /* FindFlagApp */ = {
			isa = PBXNativeTarget;
			buildConfigurationList = 06EA32582AE67543006D92E7 /* Build configuration list for PBXNativeTarget "FindFlagApp" */;
			buildPhases = (
				06EA32402AE67541006D92E7 /* Sources */,
				06EA32412AE67541006D92E7 /* Frameworks */,
				06EA32422AE67541006D92E7 /* Resources */,
			);
			buildRules = (
			);
			dependencies = (
			);
			name = FindFlagApp;
			productName = FindFlagApp;
			productReference = 06EA32442AE67541006D92E7 /* FindFlagApp.app */;
			productType = "com.apple.product-type.application";
		};
/* End PBXNativeTarget section */

/* Begin PBXProject section */
		06EA323C2AE67541006D92E7 /* Project object */ = {
			isa = PBXProject;
			attributes = {
				BuildIndependentTargetsInParallel = 1;
				LastSwiftUpdateCheck = 1500;
				LastUpgradeCheck = 1500;
				TargetAttributes = {
					06EA32432AE67541006D92E7 = {
						CreatedOnToolsVersion = 15.0;
						LastSwiftMigration = 1500;
					};
				};
			};
			buildConfigurationList = 06EA323F2AE67541006D92E7 /* Build configuration list for PBXProject "FindFlagApp" */;
			compatibilityVersion = "Xcode 14.0";
			developmentRegion = en;
			hasScannedForEncodings = 0;
			knownRegions = (
				en,
				Base,
			);
			mainGroup = 06EA323B2AE67541006D92E7;
			productRefGroup = 06EA32452AE67541006D92E7 /* Products */;
			projectDirPath = "";
			projectRoot = "";
			targets = (
				06EA32432AE67541006D92E7 /* FindFlagApp */,
			);
		};
/* End PBXProject section */

/* Begin PBXResourcesBuildPhase section */
		06EA32422AE67541006D92E7 /* Resources */ = {
			isa = PBXResourcesBuildPhase;
			buildActionMask = 2147483647;
			files = (
				06EA32542AE67543006D92E7 /* LaunchScreen.storyboard in Resources */,
				06EA32732AE67C32006D92E7 /* flags.db in Resources */,
				06EA32512AE67543006D92E7 /* Assets.xcassets in Resources */,
				06EA324F2AE67541006D92E7 /* Main.storyboard in Resources */,
			);
			runOnlyForDeploymentPostprocessing = 0;
		};
/* End PBXResourcesBuildPhase section */

/* Begin PBXSourcesBuildPhase section */
		06EA32402AE67541006D92E7 /* Sources */ = {
			isa = PBXSourcesBuildPhase;
			buildActionMask = 2147483647;
			files = (
				06EA325E2AE679DC006D92E7 /* ResultVC.swift in Sources */,
				06EA325C2AE679B2006D92E7 /* GameScreenVC.swift in Sources */,
				06EA326C2AE67BA1006D92E7 /* FMResultSet.m in Sources */,
				06EA326E2AE67BA1006D92E7 /* FMDatabase.m in Sources */,
				06EA32752AE67CBF006D92E7 /* Flags.swift in Sources */,
				06EA324C2AE67541006D92E7 /* ViewController.swift in Sources */,
				06EA32772AE67D2E006D92E7 /* Flagsdao.swift in Sources */,
				06EA326F2AE67BA1006D92E7 /* FMDatabaseQueue.m in Sources */,
				06EA32482AE67541006D92E7 /* AppDelegate.swift in Sources */,
				06EA326D2AE67BA1006D92E7 /* FMDatabasePool.m in Sources */,
				06EA324A2AE67541006D92E7 /* SceneDelegate.swift in Sources */,
				06EA326B2AE67BA1006D92E7 /* FMDatabaseAdditions.m in Sources */,
			);
			runOnlyForDeploymentPostprocessing = 0;
		};
/* End PBXSourcesBuildPhase section */

/* Begin PBXVariantGroup section */
		06EA324D2AE67541006D92E7 /* Main.storyboard */ = {
			isa = PBXVariantGroup;
			children = (
				06EA324E2AE67541006D92E7 /* Base */,
			);
			name = Main.storyboard;
			sourceTree = "<group>";
		};
		06EA32522AE67543006D92E7 /* LaunchScreen.storyboard */ = {
			isa = PBXVariantGroup;
			children = (
				06EA32532AE67543006D92E7 /* Base */,
			);
			name = LaunchScreen.storyboard;
			sourceTree = "<group>";
		};
/* End PBXVariantGroup section */

/* Begin XCBuildConfiguration section */
		06EA32562AE67543006D92E7 /* Debug */ = {
			isa = XCBuildConfiguration;
			buildSettings = {
				ALWAYS_SEARCH_USER_PATHS = NO;
				ASSETCATALOG_COMPILER_GENERATE_SWIFT_ASSET_SYMBOL_EXTENSIONS = YES;
				CLANG_ANALYZER_NONNULL = YES;
				CLANG_ANALYZER_NUMBER_OBJECT_CONVERSION = YES_AGGRESSIVE;
				CLANG_CXX_LANGUAGE_STANDARD = "gnu++20";
				CLANG_ENABLE_MODULES = YES;
				CLANG_ENABLE_OBJC_ARC = YES;
				CLANG_ENABLE_OBJC_WEAK = YES;
				CLANG_WARN_BLOCK_CAPTURE_AUTORELEASING = YES;
				CLANG_WARN_BOOL_CONVERSION = YES;
				CLANG_WARN_COMMA = YES;
				CLANG_WARN_CONSTANT_CONVERSION = YES;
				CLANG_WARN_DEPRECATED_OBJC_IMPLEMENTATIONS = YES;
				CLANG_WARN_DIRECT_OBJC_ISA_USAGE = YES_ERROR;
				CLANG_WARN_DOCUMENTATION_COMMENTS = YES;
				CLANG_WARN_EMPTY_BODY = YES;
				CLANG_WARN_ENUM_CONVERSION = YES;
				CLANG_WARN_INFINITE_RECURSION = YES;
				CLANG_WARN_INT_CONVERSION = YES;
				CLANG_WARN_NON_LITERAL_NULL_CONVERSION = YES;
				CLANG_WARN_OBJC_IMPLICIT_RETAIN_SELF = YES;
				CLANG_WARN_OBJC_LITERAL_CONVERSION = YES;
				CLANG_WARN_OBJC_ROOT_CLASS = YES_ERROR;
				CLANG_WARN_QUOTED_INCLUDE_IN_FRAMEWORK_HEADER = YES;
				CLANG_WARN_RANGE_LOOP_ANALYSIS = YES;
				CLANG_WARN_STRICT_PROTOTYPES = YES;
				CLANG_WARN_SUSPICIOUS_MOVE = YES;
				CLANG_WARN_UNGUARDED_AVAILABILITY = YES_AGGRESSIVE;
				CLANG_WARN_UNREACHABLE_CODE = YES;
				CLANG_WARN__DUPLICATE_METHOD_MATCH = YES;
				COPY_PHASE_STRIP = NO;
				DEBUG_INFORMATION_FORMAT = dwarf;
				ENABLE_STRICT_OBJC_MSGSEND = YES;
				ENABLE_TESTABILITY = YES;
				ENABLE_USER_SCRIPT_SANDBOXING = YES;
				GCC_C_LANGUAGE_STANDARD = gnu17;
				GCC_DYNAMIC_NO_PIC = NO;
				GCC_NO_COMMON_BLOCKS = YES;
				GCC_OPTIMIZATION_LEVEL = 0;
				GCC_PREPROCESSOR_DEFINITIONS = (
					"DEBUG=1",
					"$(inherited)",
				);
				GCC_WARN_64_TO_32_BIT_CONVERSION = YES;
				GCC_WARN_ABOUT_RETURN_TYPE = YES_ERROR;
				GCC_WARN_UNDECLARED_SELECTOR = YES;
				GCC_WARN_UNINITIALIZED_AUTOS = YES_AGGRESSIVE;
				GCC_WARN_UNUSED_FUNCTION = YES;
				GCC_WARN_UNUSED_VARIABLE = YES;
				IPHONEOS_DEPLOYMENT_TARGET = 17.0;
				LOCALIZATION_PREFERS_STRING_CATALOGS = YES;
				MTL_ENABLE_DEBUG_INFO = INCLUDE_SOURCE;
				MTL_FAST_MATH = YES;
				ONLY_ACTIVE_ARCH = YES;
				SDKROOT = iphoneos;
				SWIFT_ACTIVE_COMPILATION_CONDITIONS = "DEBUG $(inherited)";
				SWIFT_OPTIMIZATION_LEVEL = "-Onone";
			};
			name = Debug;
		};
		06EA32572AE67543006D92E7 /* Release */ = {
			isa = XCBuildConfiguration;
			buildSettings = {
				ALWAYS_SEARCH_USER_PATHS = NO;
				ASSETCATALOG_COMPILER_GENERATE_SWIFT_ASSET_SYMBOL_EXTENSIONS = YES;
				CLANG_ANALYZER_NONNULL = YES;
				CLANG_ANALYZER_NUMBER_OBJECT_CONVERSION = YES_AGGRESSIVE;
				CLANG_CXX_LANGUAGE_STANDARD = "gnu++20";
				CLANG_ENABLE_MODULES = YES;
				CLANG_ENABLE_OBJC_ARC = YES;
				CLANG_ENABLE_OBJC_WEAK = YES;
				CLANG_WARN_BLOCK_CAPTURE_AUTORELEASING = YES;
				CLANG_WARN_BOOL_CONVERSION = YES;
				CLANG_WARN_COMMA = YES;
				CLANG_WARN_CONSTANT_CONVERSION = YES;
				CLANG_WARN_DEPRECATED_OBJC_IMPLEMENTATIONS = YES;
				CLANG_WARN_DIRECT_OBJC_ISA_USAGE = YES_ERROR;
				CLANG_WARN_DOCUMENTATION_COMMENTS = YES;
				CLANG_WARN_EMPTY_BODY = YES;
				CLANG_WARN_ENUM_CONVERSION = YES;
				CLANG_WARN_INFINITE_RECURSION = YES;
				CLANG_WARN_INT_CONVERSION = YES;
				CLANG_WARN_NON_LITERAL_NULL_CONVERSION = YES;
				CLANG_WARN_OBJC_IMPLICIT_RETAIN_SELF = YES;
				CLANG_WARN_OBJC_LITERAL_CONVERSION = YES;
				CLANG_WARN_OBJC_ROOT_CLASS = YES_ERROR;
				CLANG_WARN_QUOTED_INCLUDE_IN_FRAMEWORK_HEADER = YES;
				CLANG_WARN_RANGE_LOOP_ANALYSIS = YES;
				CLANG_WARN_STRICT_PROTOTYPES = YES;
				CLANG_WARN_SUSPICIOUS_MOVE = YES;
				CLANG_WARN_UNGUARDED_AVAILABILITY = YES_AGGRESSIVE;
				CLANG_WARN_UNREACHABLE_CODE = YES;
				CLANG_WARN__DUPLICATE_METHOD_MATCH = YES;
				COPY_PHASE_STRIP = NO;
				DEBUG_INFORMATION_FORMAT = "dwarf-with-dsym";
				ENABLE_NS_ASSERTIONS = NO;
				ENABLE_STRICT_OBJC_MSGSEND = YES;
				ENABLE_USER_SCRIPT_SANDBOXING = YES;
				GCC_C_LANGUAGE_STANDARD = gnu17;
				GCC_NO_COMMON_BLOCKS = YES;
				GCC_WARN_64_TO_32_BIT_CONVERSION = YES;
				GCC_WARN_ABOUT_RETURN_TYPE = YES_ERROR;
				GCC_WARN_UNDECLARED_SELECTOR = YES;
				GCC_WARN_UNINITIALIZED_AUTOS = YES_AGGRESSIVE;
				GCC_WARN_UNUSED_FUNCTION = YES;
				GCC_WARN_UNUSED_VARIABLE = YES;
				IPHONEOS_DEPLOYMENT_TARGET = 17.0;
				LOCALIZATION_PREFERS_STRING_CATALOGS = YES;
				MTL_ENABLE_DEBUG_INFO = NO;
				MTL_FAST_MATH = YES;
				SDKROOT = iphoneos;
				SWIFT_COMPILATION_MODE = wholemodule;
				VALIDATE_PRODUCT = YES;
			};
			name = Release;
		};
		06EA32592AE67543006D92E7 /* Debug */ = {
			isa = XCBuildConfiguration;
			buildSettings = {
				ASSETCATALOG_COMPILER_APPICON_NAME = AppIcon;
				ASSETCATALOG_COMPILER_GLOBAL_ACCENT_COLOR_NAME = AccentColor;
				CLANG_ENABLE_MODULES = YES;
				CODE_SIGN_STYLE = Automatic;
				CURRENT_PROJECT_VERSION = 1;
				DEVELOPMENT_TEAM = 9YQ88X3BN8;
				GENERATE_INFOPLIST_FILE = YES;
				INFOPLIST_FILE = FindFlagApp/Info.plist;
				INFOPLIST_KEY_UIApplicationSupportsIndirectInputEvents = YES;
				INFOPLIST_KEY_UILaunchStoryboardName = LaunchScreen;
				INFOPLIST_KEY_UIMainStoryboardFile = Main;
				INFOPLIST_KEY_UISupportedInterfaceOrientations_iPad = "UIInterfaceOrientationPortrait UIInterfaceOrientationPortraitUpsideDown UIInterfaceOrientationLandscapeLeft UIInterfaceOrientationLandscapeRight";
				INFOPLIST_KEY_UISupportedInterfaceOrientations_iPhone = "UIInterfaceOrientationPortrait UIInterfaceOrientationLandscapeLeft UIInterfaceOrientationLandscapeRight";
				LD_RUNPATH_SEARCH_PATHS = (
					"$(inherited)",
					"@executable_path/Frameworks",
				);
				MARKETING_VERSION = 1.0;
				PRODUCT_BUNDLE_IDENTIFIER = nebula.FindFlagApp;
				PRODUCT_NAME = "$(TARGET_NAME)";
				SWIFT_EMIT_LOC_STRINGS = YES;
				SWIFT_OBJC_BRIDGING_HEADER = "FindFlagApp/FindFlagApp-Bridging-Header.h";
				SWIFT_OPTIMIZATION_LEVEL = "-Onone";
				SWIFT_VERSION = 5.0;
				TARGETED_DEVICE_FAMILY = "1,2";
			};
			name = Debug;
		};
		06EA325A2AE67543006D92E7 /* Release */ = {
			isa = XCBuildConfiguration;
			buildSettings = {
				ASSETCATALOG_COMPILER_APPICON_NAME = AppIcon;
				ASSETCATALOG_COMPILER_GLOBAL_ACCENT_COLOR_NAME = AccentColor;
				CLANG_ENABLE_MODULES = YES;
				CODE_SIGN_STYLE = Automatic;
				CURRENT_PROJECT_VERSION = 1;
				DEVELOPMENT_TEAM = 9YQ88X3BN8;
				GENERATE_INFOPLIST_FILE = YES;
				INFOPLIST_FILE = FindFlagApp/Info.plist;
				INFOPLIST_KEY_UIApplicationSupportsIndirectInputEvents = YES;
				INFOPLIST_KEY_UILaunchStoryboardName = LaunchScreen;
				INFOPLIST_KEY_UIMainStoryboardFile = Main;
				INFOPLIST_KEY_UISupportedInterfaceOrientations_iPad = "UIInterfaceOrientationPortrait UIInterfaceOrientationPortraitUpsideDown UIInterfaceOrientationLandscapeLeft UIInterfaceOrientationLandscapeRight";
				INFOPLIST_KEY_UISupportedInterfaceOrientations_iPhone = "UIInterfaceOrientationPortrait UIInterfaceOrientationLandscapeLeft UIInterfaceOrientationLandscapeRight";
				LD_RUNPATH_SEARCH_PATHS = (
					"$(inherited)",
					"@executable_path/Frameworks",
				);
				MARKETING_VERSION = 1.0;
				PRODUCT_BUNDLE_IDENTIFIER = nebula.FindFlagApp;
				PRODUCT_NAME = "$(TARGET_NAME)";
				SWIFT_EMIT_LOC_STRINGS = YES;
				SWIFT_OBJC_BRIDGING_HEADER = "FindFlagApp/FindFlagApp-Bridging-Header.h";
				SWIFT_VERSION = 5.0;
				TARGETED_DEVICE_FAMILY = "1,2";
			};
			name = Release;
		};
/* End XCBuildConfiguration section */

/* Begin XCConfigurationList section */
		06EA323F2AE67541006D92E7 /* Build configuration list for PBXProject "FindFlagApp" */ = {
			isa = XCConfigurationList;
			buildConfigurations = (
				06EA32562AE67543006D92E7 /* Debug */,
				06EA32572AE67543006D92E7 /* Release */,
			);
			defaultConfigurationIsVisible = 0;
			defaultConfigurationName = Release;
		};
		06EA32582AE67543006D92E7 /* Build configuration list for PBXNativeTarget "FindFlagApp" */ = {
			isa = XCConfigurationList;
			buildConfigurations = (
				06EA32592AE67543006D92E7 /* Debug */,
				06EA325A2AE67543006D92E7 /* Release */,
			);
			defaultConfigurationIsVisible = 0;
			defaultConfigurationName = Release;
		};
/* End XCConfigurationList section */
	};
	rootObject = 06EA323C2AE67541006D92E7 /* Project object */;
}
